
Microsoft Visual Studio Solution File, Format Version 12.00
# Visual Studio Version 17
VisualStudioVersion = 17.0.32014.148
MinimumVisualStudioVersion = 10.0.40219.1
Project("{9A19103F-16F7-4668-BE54-9A1E7A4F7556}") = "Domain", "Domain\Domain.csproj", "{A24E43EA-3A99-4758-9334-A711F074CC1A}"
EndProject
Project("{FAE04EC0-301F-11D3-BF4B-00C04F79EFBC}") = "Repository", "Repository\Repository.csproj", "{E5AC94DF-0E2E-4AB7-B07C-A7414BD50F29}"
EndProject
Project("{FAE04EC0-301F-11D3-BF4B-00C04F79EFBC}") = "Repository.MongoDb", "Repository.MongoDb\Repository.MongoDb.csproj", "{7B7C49D3-5EE3-411D-A81C-AE834E196974}"
EndProject
Project("{9A19103F-16F7-4668-BE54-9A1E7A4F7556}") = "Repository", "Repository\Repository.csproj", "{E5AC94DF-0E2E-4AB7-B07C-A7414BD50F29}"
EndProject
Project("{9A19103F-16F7-4668-BE54-9A1E7A4F7556}") = "Repository.MongoDb", "Repository.MongoDb\Repository.MongoDb.csproj", "{7B7C49D3-5EE3-411D-A81C-AE834E196974}"
EndProject
Project("{9A19103F-16F7-4668-BE54-9A1E7A4F7556}") = "Service", "Service\Service.csproj", "{AB47F188-DBAC-40F5-8D7F-1BB35332F54A}"
EndProject
Global
	GlobalSection(SolutionConfigurationPlatforms) = preSolution
		Debug|Any CPU = Debug|Any CPU
		Release|Any CPU = Release|Any CPU
	EndGlobalSection
	GlobalSection(ProjectConfigurationPlatforms) = postSolution
		{A24E43EA-3A99-4758-9334-A711F074CC1A}.Debug|Any CPU.ActiveCfg = Debug|Any CPU
		{A24E43EA-3A99-4758-9334-A711F074CC1A}.Debug|Any CPU.Build.0 = Debug|Any CPU
		{A24E43EA-3A99-4758-9334-A711F074CC1A}.Release|Any CPU.ActiveCfg = Release|Any CPU
		{A24E43EA-3A99-4758-9334-A711F074CC1A}.Release|Any CPU.Build.0 = Release|Any CPU
		{E5AC94DF-0E2E-4AB7-B07C-A7414BD50F29}.Debug|Any CPU.ActiveCfg = Debug|Any CPU
		{E5AC94DF-0E2E-4AB7-B07C-A7414BD50F29}.Debug|Any CPU.Build.0 = Debug|Any CPU
		{E5AC94DF-0E2E-4AB7-B07C-A7414BD50F29}.Release|Any CPU.ActiveCfg = Release|Any CPU
		{E5AC94DF-0E2E-4AB7-B07C-A7414BD50F29}.Release|Any CPU.Build.0 = Release|Any CPU
		{7B7C49D3-5EE3-411D-A81C-AE834E196974}.Debug|Any CPU.ActiveCfg = Debug|Any CPU
		{7B7C49D3-5EE3-411D-A81C-AE834E196974}.Debug|Any CPU.Build.0 = Debug|Any CPU
		{7B7C49D3-5EE3-411D-A81C-AE834E196974}.Release|Any CPU.ActiveCfg = Release|Any CPU
		{7B7C49D3-5EE3-411D-A81C-AE834E196974}.Release|Any CPU.Build.0 = Release|Any CPU
	EndGlobalSection
	GlobalSection(SolutionProperties) = preSolution
		HideSolutionNode = FALSE
	EndGlobalSection
	GlobalSection(ExtensibilityGlobals) = postSolution
		SolutionGuid = {186E71FB-DB45-4B17-8121-B7073D7CC105}
	EndGlobalSection
EndGlobal
